
Microsoft Visual Studio Solution File, Format Version 12.00
# Visual Studio Version 17
VisualStudioVersion = 17.13.35806.99 d17.13
MinimumVisualStudioVersion = 10.0.40219.1
Project("{FAE04EC0-301F-11D3-BF4B-00C04F79EFBC}") = "RabbitMQ.Publisher", "RabbitMQ.Publisher\RabbitMQ.Publisher.csproj", "{B74D5EC0-88D2-4AEA-BDDB-7E3E6F2FB60E}"
EndProject
Project("{FAE04EC0-301F-11D3-BF4B-00C04F79EFBC}") = "RabbitMQ.Consumer", "RabbitMQ.Consumer\RabbitMQ.Consumer.csproj", "{47F109EC-19EC-4146-8FB7-00336F032F1D}"
EndProject
Global
	GlobalSection(SolutionConfigurationPlatforms) = preSolution
		Debug|Any CPU = Debug|Any CPU
		Release|Any CPU = Release|Any CPU
	EndGlobalSection
	GlobalSection(ProjectConfigurationPlatforms) = postSolution
		{B74D5EC0-88D2-4AEA-BDDB-7E3E6F2FB60E}.Debug|Any CPU.ActiveCfg = Debug|Any CPU
		{B74D5EC0-88D2-4AEA-BDDB-7E3E6F2FB60E}.Debug|Any CPU.Build.0 = Debug|Any CPU
		{B74D5EC0-88D2-4AEA-BDDB-7E3E6F2FB60E}.Release|Any CPU.ActiveCfg = Release|Any CPU
		{B74D5EC0-88D2-4AEA-BDDB-7E3E6F2FB60E}.Release|Any CPU.Build.0 = Release|Any CPU
		{47F109EC-19EC-4146-8FB7-00336F032F1D}.Debug|Any CPU.ActiveCfg = Debug|Any CPU
		{47F109EC-19EC-4146-8FB7-00336F032F1D}.Debug|Any CPU.Build.0 = Debug|Any CPU
		{47F109EC-19EC-4146-8FB7-00336F032F1D}.Release|Any CPU.ActiveCfg = Release|Any CPU
		{47F109EC-19EC-4146-8FB7-00336F032F1D}.Release|Any CPU.Build.0 = Release|Any CPU
	EndGlobalSection
	GlobalSection(SolutionProperties) = preSolution
		HideSolutionNode = FALSE
	EndGlobalSection
	GlobalSection(ExtensibilityGlobals) = postSolution
		SolutionGuid = {E2424290-AB69-4B3B-B478-D3F38EE2F3E4}
	EndGlobalSection
EndGlobal
